{
  "name": "source-map-benchmark",
  "version": "1.0.0",
  "lockfileVersion": 1,
  "requires": true,
  "dependencies": {
    "@types/d3": {
      "version": "3.5.45",
      "resolved": "https://registry.npmjs.org/@types/d3/-/d3-3.5.45.tgz",
      "integrity": "sha512-wLICfMtjDEoAJie1MF6OuksAzOapRXgJy+l5HQVpyC1yMAlvHz2QKrrasUHru8xD6cbgQNGeO+CeyjOlKtly2A=="
    },
    "@types/plotly.js": {
      "version": "1.54.14",
      "resolved": "https://registry.npmjs.org/@types/plotly.js/-/plotly.js-1.54.14.tgz",
      "integrity": "sha512-vYevenBloZ3B4i831i+ccS9u782JSnkJpBG/c/qPRJNDW6s25udnrmoHkFhbBl7jkzBy8pO2lPNhpMrQJV7ETA==",
      "requires": {
        "@types/d3": "^3"
      }
    },
    "nodeplotlib": {
      "version": "0.7.5",
      "resolved": "https://registry.npmjs.org/nodeplotlib/-/nodeplotlib-0.7.5.tgz",
      "integrity": "sha512-vCebCtxvzOkN8VnFFyeMShOZmVW/pNPHtl3WuqvvcXZylBLKoZXpmgDuL/M+OcAsBCgMJMA5pXfBHydnjwRrJw==",
      "requires": {
        "@types/plotly.js": "^1.54.10"
      }
    },
    "source-map": {
      "version": "0.7.3",
      "resolved": "https://registry.npmjs.org/source-map/-/source-map-0.7.3.tgz",
      "integrity": "sha512-CkCj6giN3S+n9qrYiBTX5gystlENnRW5jZeNLHpe6aue+SrHcG5VYwujhW9s4dY31mEGsxBDrHR6oI69fTXsaQ=="
    },
    "source-map-js": {
      "version": "0.6.2",
      "resolved": "https://registry.npmjs.org/source-map-js/-/source-map-js-0.6.2.tgz",
      "integrity": "sha512-/3GptzWzu0+0MBQFrDKzw/DvvMTUORvgY6k6jd/VS6iCR4RDTKWH6v6WPwQoUO8667uQEf9Oe38DxAYWY5F/Ug=="
    }
  }
}
